
Microsoft Visual Studio Solution File, Format Version 12.00
# Visual Studio 15
VisualStudioVersion = 15.0.26730.8
MinimumVisualStudioVersion = 10.0.40219.1
Project("{FAE04EC0-301F-11D3-BF4B-00C04F79EFBC}") = "neo-gui", "neo-gui\neo-gui.csproj", "{CFC243F0-F4E3-4754-8E21-8BA17E1C1788}"
	ProjectSection(ProjectDependencies) = postProject
		{F16BBFF5-7777-4DD6-A6C7-191D02114A61} = {F16BBFF5-7777-4DD6-A6C7-191D02114A61}
	EndProjectSection
EndProject
Project("{9A19103F-16F7-4668-BE54-9A1E7A4F7556}") = "neo", "..\..\..\..\neo\neo\neo\neo.csproj", "{F16BBFF5-7777-4DD6-A6C7-191D02114A61}"
EndProject
Global
	GlobalSection(SolutionConfigurationPlatforms) = preSolution
		Debug|Any CPU = Debug|Any CPU
		Release|Any CPU = Release|Any CPU
	EndGlobalSection
	GlobalSection(ProjectConfigurationPlatforms) = postSolution
		{CFC243F0-F4E3-4754-8E21-8BA17E1C1788}.Debug|Any CPU.ActiveCfg = Debug|Any CPU
		{CFC243F0-F4E3-4754-8E21-8BA17E1C1788}.Debug|Any CPU.Build.0 = Debug|Any CPU
		{CFC243F0-F4E3-4754-8E21-8BA17E1C1788}.Release|Any CPU.ActiveCfg = Release|Any CPU
		{CFC243F0-F4E3-4754-8E21-8BA17E1C1788}.Release|Any CPU.Build.0 = Release|Any CPU
		{F16BBFF5-7777-4DD6-A6C7-191D02114A61}.Debug|Any CPU.ActiveCfg = Debug|Any CPU
		{F16BBFF5-7777-4DD6-A6C7-191D02114A61}.Debug|Any CPU.Build.0 = Debug|Any CPU
		{F16BBFF5-7777-4DD6-A6C7-191D02114A61}.Release|Any CPU.ActiveCfg = Release|Any CPU
		{F16BBFF5-7777-4DD6-A6C7-191D02114A61}.Release|Any CPU.Build.0 = Release|Any CPU
	EndGlobalSection
	GlobalSection(SolutionProperties) = preSolution
		HideSolutionNode = FALSE
	EndGlobalSection
	GlobalSection(ExtensibilityGlobals) = postSolution
		SolutionGuid = {B2BC42F3-3BAA-4B75-AF3C-9686D5012739}
	EndGlobalSection
EndGlobal
